// !$*UTF8*$!
{
	archiveVersion = 1;
	classes = {
	};
	objectVersion = 46;
	objects = {

/* Begin PBXBuildFile section */
		D69C5E1A1A175274003FB5C8 /* AppDelegate.swift in Sources */ = {isa = PBXBuildFile; fileRef = D69C5E191A175274003FB5C8 /* AppDelegate.swift */; };
		D69C5E1C1A175274003FB5C8 /* ViewController.swift in Sources */ = {isa = PBXBuildFile; fileRef = D69C5E1B1A175274003FB5C8 /* ViewController.swift */; };
		D69C5E1F1A175274003FB5C8 /* Main.storyboard in Resources */ = {isa = PBXBuildFile; fileRef = D69C5E1D1A175274003FB5C8 /* Main.storyboard */; };
		D69C5E211A175274003FB5C8 /* Images.xcassets in Resources */ = {isa = PBXBuildFile; fileRef = D69C5E201A175274003FB5C8 /* Images.xcassets */; };
		D69C5E241A175274003FB5C8 /* LaunchScreen.xib in Resources */ = {isa = PBXBuildFile; fileRef = D69C5E221A175274003FB5C8 /* LaunchScreen.xib */; };
		D69C5E301A175275003FB5C8 /* CardGameTests.swift in Sources */ = {isa = PBXBuildFile; fileRef = D69C5E2F1A175275003FB5C8 /* CardGameTests.swift */; };
		D69C5E3E1A1755C2003FB5C8 /* Card.m in Sources */ = {isa = PBXBuildFile; fileRef = D69C5E3D1A1755C2003FB5C8 /* Card.m */; };
		D69C5E411A1B0189003FB5C8 /* Deck.m in Sources */ = {isa = PBXBuildFile; fileRef = D69C5E401A1B0189003FB5C8 /* Deck.m */; };
		D69C5E441A1B068E003FB5C8 /* PlayingCard.m in Sources */ = {isa = PBXBuildFile; fileRef = D69C5E431A1B068E003FB5C8 /* PlayingCard.m */; };
		D69C5E4B1A1B0D52003FB5C8 /* PlayingCardDeck.m in Sources */ = {isa = PBXBuildFile; fileRef = D69C5E4A1A1B0D52003FB5C8 /* PlayingCardDeck.m */; };
		D69C5E4C1A1B0D52003FB5C8 /* PlayingCardDeck.m in Sources */ = {isa = PBXBuildFile; fileRef = D69C5E4A1A1B0D52003FB5C8 /* PlayingCardDeck.m */; };
/* End PBXBuildFile section */

/* Begin PBXContainerItemProxy section */
		D69C5E2A1A175275003FB5C8 /* PBXContainerItemProxy */ = {
			isa = PBXContainerItemProxy;
			containerPortal = D69C5E0C1A175274003FB5C8 /* Project object */;
			proxyType = 1;
			remoteGlobalIDString = D69C5E131A175274003FB5C8;
			remoteInfo = CardGame;
		};
/* End PBXContainerItemProxy section */

/* Begin PBXFileReference section */
		D69C5E141A175274003FB5C8 /* CardGame.app */ = {isa = PBXFileReference; explicitFileType = wrapper.application; includeInIndex = 0; path = CardGame.app; sourceTree = BUILT_PRODUCTS_DIR; };
		D69C5E181A175274003FB5C8 /* Info.plist */ = {isa = PBXFileReference; lastKnownFileType = text.plist.xml; path = Info.plist; sourceTree = "<group>"; };
		D69C5E191A175274003FB5C8 /* AppDelegate.swift */ = {isa = PBXFileReference; lastKnownFileType = sourcecode.swift; path = AppDelegate.swift; sourceTree = "<group>"; };
		D69C5E1B1A175274003FB5C8 /* ViewController.swift */ = {isa = PBXFileReference; lastKnownFileType = sourcecode.swift; name = ViewController.swift; path = Controllers/ViewController.swift; sourceTree = "<group>"; };
		D69C5E1E1A175274003FB5C8 /* Base */ = {isa = PBXFileReference; lastKnownFileType = file.storyboard; name = Base; path = Base.lproj/Main.storyboard; sourceTree = "<group>"; };
		D69C5E201A175274003FB5C8 /* Images.xcassets */ = {isa = PBXFileReference; lastKnownFileType = folder.assetcatalog; path = Images.xcassets; sourceTree = "<group>"; };
		D69C5E231A175274003FB5C8 /* Base */ = {isa = PBXFileReference; lastKnownFileType = file.xib; name = Base; path = Base.lproj/LaunchScreen.xib; sourceTree = "<group>"; };
		D69C5E291A175275003FB5C8 /* CardGameTests.xctest */ = {isa = PBXFileReference; explicitFileType = wrapper.cfbundle; includeInIndex = 0; path = CardGameTests.xctest; sourceTree = BUILT_PRODUCTS_DIR; };
		D69C5E2E1A175275003FB5C8 /* Info.plist */ = {isa = PBXFileReference; lastKnownFileType = text.plist.xml; path = Info.plist; sourceTree = "<group>"; };
		D69C5E2F1A175275003FB5C8 /* CardGameTests.swift */ = {isa = PBXFileReference; lastKnownFileType = sourcecode.swift; path = CardGameTests.swift; sourceTree = "<group>"; };
		D69C5E3C1A1755C2003FB5C8 /* CardGame-Bridging-Header.h */ = {isa = PBXFileReference; lastKnownFileType = sourcecode.c.h; name = "CardGame-Bridging-Header.h"; path = "Models/CardGame-Bridging-Header.h"; sourceTree = "<group>"; };
		D69C5E3D1A1755C2003FB5C8 /* Card.m */ = {isa = PBXFileReference; fileEncoding = 4; lastKnownFileType = sourcecode.c.objc; name = Card.m; path = Models/Card.m; sourceTree = "<group>"; };
		D69C5E401A1B0189003FB5C8 /* Deck.m */ = {isa = PBXFileReference; fileEncoding = 4; lastKnownFileType = sourcecode.c.objc; name = Deck.m; path = Models/Deck.m; sourceTree = "<group>"; };
		D69C5E421A1B0203003FB5C8 /* Deck-Bridging-Header.h */ = {isa = PBXFileReference; lastKnownFileType = sourcecode.c.h; name = "Deck-Bridging-Header.h"; path = "Models/Deck-Bridging-Header.h"; sourceTree = "<group>"; };
		D69C5E431A1B068E003FB5C8 /* PlayingCard.m */ = {isa = PBXFileReference; fileEncoding = 4; lastKnownFileType = sourcecode.c.objc; name = PlayingCard.m; path = Models/PlayingCard.m; sourceTree = "<group>"; };
		D69C5E451A1B06B8003FB5C8 /* PlayingCard-Bridging-Header.h */ = {isa = PBXFileReference; fileEncoding = 4; lastKnownFileType = sourcecode.c.h; name = "PlayingCard-Bridging-Header.h"; path = "Models/PlayingCard-Bridging-Header.h"; sourceTree = "<group>"; };
		D69C5E4A1A1B0D52003FB5C8 /* PlayingCardDeck.m */ = {isa = PBXFileReference; fileEncoding = 4; lastKnownFileType = sourcecode.c.objc; name = PlayingCardDeck.m; path = Models/PlayingCardDeck.m; sourceTree = "<group>"; };
		D69C5E4D1A1B0D77003FB5C8 /* PlayingCardDeck.h */ = {isa = PBXFileReference; fileEncoding = 4; lastKnownFileType = sourcecode.c.h; name = PlayingCardDeck.h; path = Models/PlayingCardDeck.h; sourceTree = "<group>"; };
/* End PBXFileReference section */

/* Begin PBXFrameworksBuildPhase section */
		D69C5E111A175274003FB5C8 /* Frameworks */ = {
			isa = PBXFrameworksBuildPhase;
			buildActionMask = 2147483647;
			files = (
			);
			runOnlyForDeploymentPostprocessing = 0;
		};
		D69C5E261A175275003FB5C8 /* Frameworks */ = {
			isa = PBXFrameworksBuildPhase;
			buildActionMask = 2147483647;
			files = (
			);
			runOnlyForDeploymentPostprocessing = 0;
		};
/* End PBXFrameworksBuildPhase section */

/* Begin PBXGroup section */
		D69C5E0B1A175274003FB5C8 = {
			isa = PBXGroup;
			children = (
				D69C5E161A175274003FB5C8 /* CardGame */,
				D69C5E2C1A175275003FB5C8 /* CardGameTests */,
				D69C5E151A175274003FB5C8 /* Products */,
			);
			sourceTree = "<group>";
		};
		D69C5E151A175274003FB5C8 /* Products */ = {
			isa = PBXGroup;
			children = (
				D69C5E141A175274003FB5C8 /* CardGame.app */,
				D69C5E291A175275003FB5C8 /* CardGameTests.xctest */,
			);
			name = Products;
			sourceTree = "<group>";
		};
		D69C5E161A175274003FB5C8 /* CardGame */ = {
			isa = PBXGroup;
			children = (
				D69C5E1D1A175274003FB5C8 /* Main.storyboard */,
				D69C5E3B1A1753B7003FB5C8 /* Controllers */,
				D69C5E3A1A1753A9003FB5C8 /* Views */,
				D69C5E391A17538B003FB5C8 /* Models */,
				D69C5E191A175274003FB5C8 /* AppDelegate.swift */,
				D69C5E201A175274003FB5C8 /* Images.xcassets */,
				D69C5E221A175274003FB5C8 /* LaunchScreen.xib */,
				D69C5E171A175274003FB5C8 /* Supporting Files */,
			);
			path = CardGame;
			sourceTree = "<group>";
		};
		D69C5E171A175274003FB5C8 /* Supporting Files */ = {
			isa = PBXGroup;
			children = (
				D69C5E181A175274003FB5C8 /* Info.plist */,
			);
			name = "Supporting Files";
			sourceTree = "<group>";
		};
		D69C5E2C1A175275003FB5C8 /* CardGameTests */ = {
			isa = PBXGroup;
			children = (
				D69C5E2F1A175275003FB5C8 /* CardGameTests.swift */,
				D69C5E2D1A175275003FB5C8 /* Supporting Files */,
			);
			path = CardGameTests;
			sourceTree = "<group>";
		};
		D69C5E2D1A175275003FB5C8 /* Supporting Files */ = {
			isa = PBXGroup;
			children = (
				D69C5E2E1A175275003FB5C8 /* Info.plist */,
			);
			name = "Supporting Files";
			sourceTree = "<group>";
		};
		D69C5E391A17538B003FB5C8 /* Models */ = {
			isa = PBXGroup;
			children = (
				D69C5E3D1A1755C2003FB5C8 /* Card.m */,
				D69C5E3C1A1755C2003FB5C8 /* CardGame-Bridging-Header.h */,
				D69C5E401A1B0189003FB5C8 /* Deck.m */,
				D69C5E421A1B0203003FB5C8 /* Deck-Bridging-Header.h */,
				D69C5E431A1B068E003FB5C8 /* PlayingCard.m */,
				D69C5E451A1B06B8003FB5C8 /* PlayingCard-Bridging-Header.h */,
				D69C5E4A1A1B0D52003FB5C8 /* PlayingCardDeck.m */,
				D69C5E4D1A1B0D77003FB5C8 /* PlayingCardDeck.h */,
			);
			name = Models;
			sourceTree = "<group>";
		};
		D69C5E3A1A1753A9003FB5C8 /* Views */ = {
			isa = PBXGroup;
			children = (
			);
			name = Views;
			sourceTree = "<group>";
		};
		D69C5E3B1A1753B7003FB5C8 /* Controllers */ = {
			isa = PBXGroup;
			children = (
				D69C5E1B1A175274003FB5C8 /* ViewController.swift */,
			);
			name = Controllers;
			sourceTree = "<group>";
		};
/* End PBXGroup section */

/* Begin PBXNativeTarget section */
		D69C5E131A175274003FB5C8 /* CardGame */ = {
			isa = PBXNativeTarget;
			buildConfigurationList = D69C5E331A175275003FB5C8 /* Build configuration list for PBXNativeTarget "CardGame" */;
			buildPhases = (
				D69C5E101A175274003FB5C8 /* Sources */,
				D69C5E111A175274003FB5C8 /* Frameworks */,
				D69C5E121A175274003FB5C8 /* Resources */,
			);
			buildRules = (
			);
			dependencies = (
			);
			name = CardGame;
			productName = CardGame;
			productReference = D69C5E141A175274003FB5C8 /* CardGame.app */;
			productType = "com.apple.product-type.application";
		};
		D69C5E281A175275003FB5C8 /* CardGameTests */ = {
			isa = PBXNativeTarget;
			buildConfigurationList = D69C5E361A175275003FB5C8 /* Build configuration list for PBXNativeTarget "CardGameTests" */;
			buildPhases = (
				D69C5E251A175275003FB5C8 /* Sources */,
				D69C5E261A175275003FB5C8 /* Frameworks */,
				D69C5E271A175275003FB5C8 /* Resources */,
			);
			buildRules = (
			);
			dependencies = (
				D69C5E2B1A175275003FB5C8 /* PBXTargetDependency */,
			);
			name = CardGameTests;
			productName = CardGameTests;
			productReference = D69C5E291A175275003FB5C8 /* CardGameTests.xctest */;
			productType = "com.apple.product-type.bundle.unit-test";
		};
/* End PBXNativeTarget section */

/* Begin PBXProject section */
		D69C5E0C1A175274003FB5C8 /* Project object */ = {
			isa = PBXProject;
			attributes = {
				LastUpgradeCheck = 0610;
				ORGANIZATIONNAME = XYZ;
				TargetAttributes = {
					D69C5E131A175274003FB5C8 = {
						CreatedOnToolsVersion = 6.1;
					};
					D69C5E281A175275003FB5C8 = {
						CreatedOnToolsVersion = 6.1;
						TestTargetID = D69C5E131A175274003FB5C8;
					};
				};
			};
			buildConfigurationList = D69C5E0F1A175274003FB5C8 /* Build configuration list for PBXProject "CardGame" */;
			compatibilityVersion = "Xcode 3.2";
			developmentRegion = English;
			hasScannedForEncodings = 0;
			knownRegions = (
				en,
				Base,
			);
			mainGroup = D69C5E0B1A175274003FB5C8;
			productRefGroup = D69C5E151A175274003FB5C8 /* Products */;
			projectDirPath = "";
			projectRoot = "";
			targets = (
				D69C5E131A175274003FB5C8 /* CardGame */,
				D69C5E281A175275003FB5C8 /* CardGameTests */,
			);
		};
/* End PBXProject section */

/* Begin PBXResourcesBuildPhase section */
		D69C5E121A175274003FB5C8 /* Resources */ = {
			isa = PBXResourcesBuildPhase;
			buildActionMask = 2147483647;
			files = (
				D69C5E1F1A175274003FB5C8 /* Main.storyboard in Resources */,
				D69C5E241A175274003FB5C8 /* LaunchScreen.xib in Resources */,
				D69C5E211A175274003FB5C8 /* Images.xcassets in Resources */,
			);
			runOnlyForDeploymentPostprocessing = 0;
		};
		D69C5E271A175275003FB5C8 /* Resources */ = {
			isa = PBXResourcesBuildPhase;
			buildActionMask = 2147483647;
			files = (
			);
			runOnlyForDeploymentPostprocessing = 0;
		};
/* End PBXResourcesBuildPhase section */

/* Begin PBXSourcesBuildPhase section */
		D69C5E101A175274003FB5C8 /* Sources */ = {
			isa = PBXSourcesBuildPhase;
			buildActionMask = 2147483647;
			files = (
				D69C5E411A1B0189003FB5C8 /* Deck.m in Sources */,
				D69C5E4B1A1B0D52003FB5C8 /* PlayingCardDeck.m in Sources */,
				D69C5E1C1A175274003FB5C8 /* ViewController.swift in Sources */,
				D69C5E1A1A175274003FB5C8 /* AppDelegate.swift in Sources */,
				D69C5E441A1B068E003FB5C8 /* PlayingCard.m in Sources */,
				D69C5E3E1A1755C2003FB5C8 /* Card.m in Sources */,
			);
			runOnlyForDeploymentPostprocessing = 0;
		};
		D69C5E251A175275003FB5C8 /* Sources */ = {
			isa = PBXSourcesBuildPhase;
			buildActionMask = 2147483647;
			files = (
				D69C5E301A175275003FB5C8 /* CardGameTests.swift in Sources */,
				D69C5E4C1A1B0D52003FB5C8 /* PlayingCardDeck.m in Sources */,
			);
			runOnlyForDeploymentPostprocessing = 0;
		};
/* End PBXSourcesBuildPhase section */

/* Begin PBXTargetDependency section */
		D69C5E2B1A175275003FB5C8 /* PBXTargetDependency */ = {
			isa = PBXTargetDependency;
			target = D69C5E131A175274003FB5C8 /* CardGame */;
			targetProxy = D69C5E2A1A175275003FB5C8 /* PBXContainerItemProxy */;
		};
/* End PBXTargetDependency section */

/* Begin PBXVariantGroup section */
		D69C5E1D1A175274003FB5C8 /* Main.storyboard */ = {
			isa = PBXVariantGroup;
			children = (
				D69C5E1E1A175274003FB5C8 /* Base */,
			);
			name = Main.storyboard;
			sourceTree = "<group>";
		};
		D69C5E221A175274003FB5C8 /* LaunchScreen.xib */ = {
			isa = PBXVariantGroup;
			children = (
				D69C5E231A175274003FB5C8 /* Base */,
			);
			name = LaunchScreen.xib;
			sourceTree = "<group>";
		};
/* End PBXVariantGroup section */

/* Begin XCBuildConfiguration section */
		D69C5E311A175275003FB5C8 /* Debug */ = {
			isa = XCBuildConfiguration;
			buildSettings = {
				ALWAYS_SEARCH_USER_PATHS = NO;
				CLANG_CXX_LANGUAGE_STANDARD = "gnu++0x";
				CLANG_CXX_LIBRARY = "libc++";
				CLANG_ENABLE_MODULES = YES;
				CLANG_ENABLE_OBJC_ARC = YES;
				CLANG_WARN_BOOL_CONVERSION = YES;
				CLANG_WARN_CONSTANT_CONVERSION = YES;
				CLANG_WARN_DIRECT_OBJC_ISA_USAGE = YES_ERROR;
				CLANG_WARN_EMPTY_BODY = YES;
				CLANG_WARN_ENUM_CONVERSION = YES;
				CLANG_WARN_INT_CONVERSION = YES;
				CLANG_WARN_OBJC_ROOT_CLASS = YES_ERROR;
				CLANG_WARN_UNREACHABLE_CODE = YES;
				CLANG_WARN__DUPLICATE_METHOD_MATCH = YES;
				"CODE_SIGN_IDENTITY[sdk=iphoneos*]" = "iPhone Developer";
				COPY_PHASE_STRIP = NO;
				ENABLE_STRICT_OBJC_MSGSEND = YES;
				GCC_C_LANGUAGE_STANDARD = gnu99;
				GCC_DYNAMIC_NO_PIC = NO;
				GCC_OPTIMIZATION_LEVEL = 0;
				GCC_PREPROCESSOR_DEFINITIONS = (
					"DEBUG=1",
					"$(inherited)",
				);
				GCC_SYMBOLS_PRIVATE_EXTERN = NO;
				GCC_WARN_64_TO_32_BIT_CONVERSION = YES;
				GCC_WARN_ABOUT_RETURN_TYPE = YES_ERROR;
				GCC_WARN_UNDECLARED_SELECTOR = YES;
				GCC_WARN_UNINITIALIZED_AUTOS = YES_AGGRESSIVE;
				GCC_WARN_UNUSED_FUNCTION = YES;
				GCC_WARN_UNUSED_VARIABLE = YES;
				IPHONEOS_DEPLOYMENT_TARGET = 8.1;
				MTL_ENABLE_DEBUG_INFO = YES;
				ONLY_ACTIVE_ARCH = YES;
				SDKROOT = iphoneos;
				SWIFT_OPTIMIZATION_LEVEL = "-Onone";
			};
			name = Debug;
		};
		D69C5E321A175275003FB5C8 /* Release */ = {
			isa = XCBuildConfiguration;
			buildSettings = {
				ALWAYS_SEARCH_USER_PATHS = NO;
				CLANG_CXX_LANGUAGE_STANDARD = "gnu++0x";
				CLANG_CXX_LIBRARY = "libc++";
				CLANG_ENABLE_MODULES = YES;
				CLANG_ENABLE_OBJC_ARC = YES;
				CLANG_WARN_BOOL_CONVERSION = YES;
				CLANG_WARN_CONSTANT_CONVERSION = YES;
				CLANG_WARN_DIRECT_OBJC_ISA_USAGE = YES_ERROR;
				CLANG_WARN_EMPTY_BODY = YES;
				CLANG_WARN_ENUM_CONVERSION = YES;
				CLANG_WARN_INT_CONVERSION = YES;
				CLANG_WARN_OBJC_ROOT_CLASS = YES_ERROR;
				CLANG_WARN_UNREACHABLE_CODE = YES;
				CLANG_WARN__DUPLICATE_METHOD_MATCH = YES;
				"CODE_SIGN_IDENTITY[sdk=iphoneos*]" = "iPhone Developer";
				COPY_PHASE_STRIP = YES;
				ENABLE_NS_ASSERTIONS = NO;
				ENABLE_STRICT_OBJC_MSGSEND = YES;
				GCC_C_LANGUAGE_STANDARD = gnu99;
				GCC_WARN_64_TO_32_BIT_CONVERSION = YES;
				GCC_WARN_ABOUT_RETURN_TYPE = YES_ERROR;
				GCC_WARN_UNDECLARED_SELECTOR = YES;
				GCC_WARN_UNINITIALIZED_AUTOS = YES_AGGRESSIVE;
				GCC_WARN_UNUSED_FUNCTION = YES;
				GCC_WARN_UNUSED_VARIABLE = YES;
				IPHONEOS_DEPLOYMENT_TARGET = 8.1;
				MTL_ENABLE_DEBUG_INFO = NO;
				SDKROOT = iphoneos;
				VALIDATE_PRODUCT = YES;
			};
			name = Release;
		};
		D69C5E341A175275003FB5C8 /* Debug */ = {
			isa = XCBuildConfiguration;
			buildSettings = {
				ASSETCATALOG_COMPILER_APPICON_NAME = AppIcon;
				CLANG_ENABLE_MODULES = YES;
				INFOPLIST_FILE = CardGame/Info.plist;
				LD_RUNPATH_SEARCH_PATHS = "$(inherited) @executable_path/Frameworks";
				PRODUCT_NAME = "$(TARGET_NAME)";
				SWIFT_OBJC_BRIDGING_HEADER = "CardGame/Models/CardGame-Bridging-Header.h";
				SWIFT_OPTIMIZATION_LEVEL = "-Onone";
			};
			name = Debug;
		};
		D69C5E351A175275003FB5C8 /* Release */ = {
			isa = XCBuildConfiguration;
			buildSettings = {
				ASSETCATALOG_COMPILER_APPICON_NAME = AppIcon;
				CLANG_ENABLE_MODULES = YES;
				INFOPLIST_FILE = CardGame/Info.plist;
				LD_RUNPATH_SEARCH_PATHS = "$(inherited) @executable_path/Frameworks";
				PRODUCT_NAME = "$(TARGET_NAME)";
				SWIFT_OBJC_BRIDGING_HEADER = "CardGame/Models/CardGame-Bridging-Header.h";
			};
			name = Release;
		};
		D69C5E371A175275003FB5C8 /* Debug */ = {
			isa = XCBuildConfiguration;
			buildSettings = {
				BUNDLE_LOADER = "$(TEST_HOST)";
				CLANG_ENABLE_MODULES = YES;
				FRAMEWORK_SEARCH_PATHS = (
					"$(SDKROOT)/Developer/Library/Frameworks",
					"$(inherited)",
				);
				GCC_PREPROCESSOR_DEFINITIONS = (
					"DEBUG=1",
					"$(inherited)",
				);
				INFOPLIST_FILE = CardGameTests/Info.plist;
				LD_RUNPATH_SEARCH_PATHS = "$(inherited) @executable_path/Frameworks @loader_path/Frameworks";
				PRODUCT_NAME = "$(TARGET_NAME)";
				SWIFT_OBJC_BRIDGING_HEADER = "CardGame/CardGameTests-Bridging-Header.h";
				SWIFT_OPTIMIZATION_LEVEL = "-Onone";
				TEST_HOST = "$(BUILT_PRODUCTS_DIR)/CardGame.app/CardGame";
			};
			name = Debug;
		};
		D69C5E381A175275003FB5C8 /* Release */ = {
			isa = XCBuildConfiguration;
			buildSettings = {
				BUNDLE_LOADER = "$(TEST_HOST)";
				CLANG_ENABLE_MODULES = YES;
				FRAMEWORK_SEARCH_PATHS = (
					"$(SDKROOT)/Developer/Library/Frameworks",
					"$(inherited)",
				);
				INFOPLIST_FILE = CardGameTests/Info.plist;
				LD_RUNPATH_SEARCH_PATHS = "$(inherited) @executable_path/Frameworks @loader_path/Frameworks";
				PRODUCT_NAME = "$(TARGET_NAME)";
				SWIFT_OBJC_BRIDGING_HEADER = "CardGame/CardGameTests-Bridging-Header.h";
				TEST_HOST = "$(BUILT_PRODUCTS_DIR)/CardGame.app/CardGame";
			};
			name = Release;
		};
/* End XCBuildConfiguration section */

/* Begin XCConfigurationList section */
		D69C5E0F1A175274003FB5C8 /* Build configuration list for PBXProject "CardGame" */ = {
			isa = XCConfigurationList;
			buildConfigurations = (
				D69C5E311A175275003FB5C8 /* Debug */,
				D69C5E321A175275003FB5C8 /* Release */,
			);
			defaultConfigurationIsVisible = 0;
			defaultConfigurationName = Release;
		};
		D69C5E331A175275003FB5C8 /* Build configuration list for PBXNativeTarget "CardGame" */ = {
			isa = XCConfigurationList;
			buildConfigurations = (
				D69C5E341A175275003FB5C8 /* Debug */,
				D69C5E351A175275003FB5C8 /* Release */,
			);
			defaultConfigurationIsVisible = 0;
			defaultConfigurationName = Release;
		};
		D69C5E361A175275003FB5C8 /* Build configuration list for PBXNativeTarget "CardGameTests" */ = {
			isa = XCConfigurationList;
			buildConfigurations = (
				D69C5E371A175275003FB5C8 /* Debug */,
				D69C5E381A175275003FB5C8 /* Release */,
			);
			defaultConfigurationIsVisible = 0;
			defaultConfigurationName = Release;
		};
/* End XCConfigurationList section */
	};
	rootObject = D69C5E0C1A175274003FB5C8 /* Project object */;
}
